
Microsoft Visual Studio Solution File, Format Version 12.00
# Visual Studio Version 16
VisualStudioVersion = 16.0.29519.87
MinimumVisualStudioVersion = 10.0.40219.1
Project("{FAE04EC0-301F-11D3-BF4B-00C04F79EFBC}") = "BankingConsoleApp", "BankingConsoleApp\BankingConsoleApp.csproj", "{6CBE40ED-D5CC-4640-A104-5A8855CAFC60}"
EndProject
Project("{FAE04EC0-301F-11D3-BF4B-00C04F79EFBC}") = "BankingConsoleAppTest", "BankingConsoleAppTest\BankingConsoleAppTest.csproj", "{3A06FD77-A067-42EF-872A-244A569D37F5}"
EndProject
Global
	GlobalSection(SolutionConfigurationPlatforms) = preSolution
		Debug|Any CPU = Debug|Any CPU
		Release|Any CPU = Release|Any CPU
	EndGlobalSection
	GlobalSection(ProjectConfigurationPlatforms) = postSolution
		{6CBE40ED-D5CC-4640-A104-5A8855CAFC60}.Debug|Any CPU.ActiveCfg = Debug|Any CPU
		{6CBE40ED-D5CC-4640-A104-5A8855CAFC60}.Debug|Any CPU.Build.0 = Debug|Any CPU
		{6CBE40ED-D5CC-4640-A104-5A8855CAFC60}.Release|Any CPU.ActiveCfg = Release|Any CPU
		{6CBE40ED-D5CC-4640-A104-5A8855CAFC60}.Release|Any CPU.Build.0 = Release|Any CPU
		{3A06FD77-A067-42EF-872A-244A569D37F5}.Debug|Any CPU.ActiveCfg = Debug|Any CPU
		{3A06FD77-A067-42EF-872A-244A569D37F5}.Debug|Any CPU.Build.0 = Debug|Any CPU
		{3A06FD77-A067-42EF-872A-244A569D37F5}.Release|Any CPU.ActiveCfg = Release|Any CPU
		{3A06FD77-A067-42EF-872A-244A569D37F5}.Release|Any CPU.Build.0 = Release|Any CPU
	EndGlobalSection
	GlobalSection(SolutionProperties) = preSolution
		HideSolutionNode = FALSE
	EndGlobalSection
	GlobalSection(ExtensibilityGlobals) = postSolution
		SolutionGuid = {F5B29CAD-A9A9-4C39-9AEB-20ADC12E7258}
	EndGlobalSection
EndGlobal
